Microsoft Visual Studio Solution File, Format Version 12.00
# Visual Studio Version 17
VisualStudioVersion = 17.5.2.0
MinimumVisualStudioVersion = 10.0.40219.1
Project("{FAE04EC0-301F-11D3-BF4B-00C04F79EFBC}") = "AdDetector", "AdDetector.csproj", "{7454389E-67A7-E8A3-91D9-09FEA72BDECE}"
EndProject
Global
	GlobalSection(SolutionConfigurationPlatforms) = preSolution
		Debug|Any CPU = Debug|Any CPU
		Release|Any CPU = Release|Any CPU
	EndGlobalSection
	GlobalSection(ProjectConfigurationPlatforms) = postSolution
		{7454389E-67A7-E8A3-91D9-09FEA72BDECE}.Debug|Any CPU.ActiveCfg = Debug|Any CPU
		{7454389E-67A7-E8A3-91D9-09FEA72BDECE}.Debug|Any CPU.Build.0 = Debug|Any CPU
		{7454389E-67A7-E8A3-91D9-09FEA72BDECE}.Release|Any CPU.ActiveCfg = Release|Any CPU
		{7454389E-67A7-E8A3-91D9-09FEA72BDECE}.Release|Any CPU.Build.0 = Release|Any CPU
	EndGlobalSection
	GlobalSection(SolutionProperties) = preSolution
		HideSolutionNode = FALSE
	EndGlobalSection
	GlobalSection(ExtensibilityGlobals) = postSolution
		SolutionGuid = {F9DD52AA-6DD3-4662-A95D-658CBFDB6CCE}
	EndGlobalSection
EndGlobal
